
Microsoft Visual Studio Solution File, Format Version 12.00
# Visual Studio Version 16
VisualStudioVersion = 16.0.30406.217
MinimumVisualStudioVersion = 10.0.40219.1
Project("{9A19103F-16F7-4668-BE54-9A1E7A4F7556}") = "ROBOLabAPI", "ROBOLabAPI\ROBOLabAPI.csproj", "{28DB306D-3A7A-4B55-97B2-0C3F4316B8F6}"
EndProject
Project("{FAE04EC0-301F-11D3-BF4B-00C04F79EFBC}") = "ROBOLab.Core", "ROBOLab.Core\ROBOLab.Core.csproj", "{C2AFD537-C5D2-4BD3-976C-986C01D710AE}"
EndProject
Global
	GlobalSection(SolutionConfigurationPlatforms) = preSolution
		Debug|Any CPU = Debug|Any CPU
		Release|Any CPU = Release|Any CPU
	EndGlobalSection
	GlobalSection(ProjectConfigurationPlatforms) = postSolution
		{28DB306D-3A7A-4B55-97B2-0C3F4316B8F6}.Debug|Any CPU.ActiveCfg = Debug|Any CPU
		{28DB306D-3A7A-4B55-97B2-0C3F4316B8F6}.Debug|Any CPU.Build.0 = Debug|Any CPU
		{28DB306D-3A7A-4B55-97B2-0C3F4316B8F6}.Release|Any CPU.ActiveCfg = Release|Any CPU
		{28DB306D-3A7A-4B55-97B2-0C3F4316B8F6}.Release|Any CPU.Build.0 = Release|Any CPU
		{C2AFD537-C5D2-4BD3-976C-986C01D710AE}.Debug|Any CPU.ActiveCfg = Debug|Any CPU
		{C2AFD537-C5D2-4BD3-976C-986C01D710AE}.Debug|Any CPU.Build.0 = Debug|Any CPU
		{C2AFD537-C5D2-4BD3-976C-986C01D710AE}.Release|Any CPU.ActiveCfg = Release|Any CPU
		{C2AFD537-C5D2-4BD3-976C-986C01D710AE}.Release|Any CPU.Build.0 = Release|Any CPU
	EndGlobalSection
	GlobalSection(SolutionProperties) = preSolution
		HideSolutionNode = FALSE
	EndGlobalSection
	GlobalSection(ExtensibilityGlobals) = postSolution
		SolutionGuid = {C2591062-1FB5-4EFB-BB83-4B3BE6A5666E}
	EndGlobalSection
EndGlobal
